// !$*UTF8*$!
{
	archiveVersion = 1;
	classes = {
	};
	objectVersion = 55;
	objects = {

/* Begin PBXBuildFile section */
		4D07DD1D28AEB209006E5542 /* AppDelegate.swift in Sources */ = {isa = PBXBuildFile; fileRef = 4D07DD1C28AEB209006E5542 /* AppDelegate.swift */; };
		4D07DD1F28AEB209006E5542 /* SceneDelegate.swift in Sources */ = {isa = PBXBuildFile; fileRef = 4D07DD1E28AEB209006E5542 /* SceneDelegate.swift */; };
		4D07DD2128AEB209006E5542 /* SearchViewController.swift in Sources */ = {isa = PBXBuildFile; fileRef = 4D07DD2028AEB209006E5542 /* SearchViewController.swift */; };
		4D07DD2628AEB20A006E5542 /* Assets.xcassets in Resources */ = {isa = PBXBuildFile; fileRef = 4D07DD2528AEB20A006E5542 /* Assets.xcassets */; };
		4D07DD2928AEB20A006E5542 /* LaunchScreen.storyboard in Resources */ = {isa = PBXBuildFile; fileRef = 4D07DD2728AEB20A006E5542 /* LaunchScreen.storyboard */; };
		4D07DD3428AEB20A006E5542 /* SearchPresenterTests.swift in Sources */ = {isa = PBXBuildFile; fileRef = 4D07DD3328AEB20A006E5542 /* SearchPresenterTests.swift */; };
		4D07DD3E28AEB20A006E5542 /* ShoppingApplicationUITests.swift in Sources */ = {isa = PBXBuildFile; fileRef = 4D07DD3D28AEB20A006E5542 /* ShoppingApplicationUITests.swift */; };
		4D07DD4028AEB20A006E5542 /* ShoppingApplicationUITestsLaunchTests.swift in Sources */ = {isa = PBXBuildFile; fileRef = 4D07DD3F28AEB20A006E5542 /* ShoppingApplicationUITestsLaunchTests.swift */; };
		4D07DD6128AEBF98006E5542 /* SearchResult.swift in Sources */ = {isa = PBXBuildFile; fileRef = 4D07DD5C28AEBF98006E5542 /* SearchResult.swift */; };
		4D07DD6928AF19D1006E5542 /* ProductTableViewCell.swift in Sources */ = {isa = PBXBuildFile; fileRef = 4D07DD6828AF19D1006E5542 /* ProductTableViewCell.swift */; };
		4D07DD6B28AF19E5006E5542 /* ProductTableViewCell.xib in Resources */ = {isa = PBXBuildFile; fileRef = 4D07DD6A28AF19E5006E5542 /* ProductTableViewCell.xib */; };
		4D07DD6D28AF1CE7006E5542 /* SearchPresenter.swift in Sources */ = {isa = PBXBuildFile; fileRef = 4D07DD6C28AF1CE7006E5542 /* SearchPresenter.swift */; };
		4D07DD6F28AF1D2C006E5542 /* SearchService.swift in Sources */ = {isa = PBXBuildFile; fileRef = 4D07DD6E28AF1D2C006E5542 /* SearchService.swift */; };
		4D07DD7128AFE072006E5542 /* SearchRequest.swift in Sources */ = {isa = PBXBuildFile; fileRef = 4D07DD7028AFE072006E5542 /* SearchRequest.swift */; };
		4D07DD7328AFE721006E5542 /* SearchViewController.xib in Resources */ = {isa = PBXBuildFile; fileRef = 4D07DD7228AFE721006E5542 /* SearchViewController.xib */; };
		4D07DD7628AFECA5006E5542 /* Kingfisher in Frameworks */ = {isa = PBXBuildFile; productRef = 4D07DD7528AFECA5006E5542 /* Kingfisher */; };
		4D0A1B6228B164C00011BCDB /* SearchViewControllerTests.swift in Sources */ = {isa = PBXBuildFile; fileRef = 4D0A1B6128B164C00011BCDB /* SearchViewControllerTests.swift */; };
		4D0A1B6428B164FE0011BCDB /* SearchPresenterMock.swift in Sources */ = {isa = PBXBuildFile; fileRef = 4D0A1B6328B164FE0011BCDB /* SearchPresenterMock.swift */; };
		4D0A1B6728B172140011BCDB /* SearchResultUIModel.swift in Sources */ = {isa = PBXBuildFile; fileRef = 4D0A1B6628B172140011BCDB /* SearchResultUIModel.swift */; };
		4D0A1B6928B192310011BCDB /* LoadingView.swift in Sources */ = {isa = PBXBuildFile; fileRef = 4D0A1B6828B192310011BCDB /* LoadingView.swift */; };
		4D0B7E2728B25CB000DA54C2 /* SearchViewController+Views.swift in Sources */ = {isa = PBXBuildFile; fileRef = 4D0B7E2628B25CB000DA54C2 /* SearchViewController+Views.swift */; };
		4D0B7E2B28B2874C00DA54C2 /* Localizable.strings in Resources */ = {isa = PBXBuildFile; fileRef = 4D0B7E2A28B2874C00DA54C2 /* Localizable.strings */; };
		4D0B7E2D28B297F300DA54C2 /* Localization.swift in Sources */ = {isa = PBXBuildFile; fileRef = 4D0B7E2C28B297F300DA54C2 /* Localization.swift */; };
		4D125B2928B0C6C100102378 /* wrong_response.json in Resources */ = {isa = PBXBuildFile; fileRef = 4D125B2828B0C6C100102378 /* wrong_response.json */; };
		4D125B3528B0CE1900102378 /* Networking in Frameworks */ = {isa = PBXBuildFile; productRef = 4D125B3428B0CE1900102378 /* Networking */; };
		4D31AF4828B0775C00DC9EC0 /* SearchServiceMock.swift in Sources */ = {isa = PBXBuildFile; fileRef = 4D31AF4728B0775C00DC9EC0 /* SearchServiceMock.swift */; };
		4D31AF4A28B088A400DC9EC0 /* success_response.json in Resources */ = {isa = PBXBuildFile; fileRef = 4D31AF4928B088A400DC9EC0 /* success_response.json */; };
		4D31AF4B28B08CD400DC9EC0 /* SearchResult.swift in Sources */ = {isa = PBXBuildFile; fileRef = 4D07DD5C28AEBF98006E5542 /* SearchResult.swift */; };
		4D31AF4E28B08FDA00DC9EC0 /* SearchResponseMock.swift in Sources */ = {isa = PBXBuildFile; fileRef = 4D31AF4D28B08FDA00DC9EC0 /* SearchResponseMock.swift */; };
		4D39C00328B018F30023B14E /* MockSearchService.swift in Sources */ = {isa = PBXBuildFile; fileRef = 4D39C00228B018F30023B14E /* MockSearchService.swift */; };
/* End PBXBuildFile section */

/* Begin PBXContainerItemProxy section */
		4D07DD3028AEB20A006E5542 /* PBXContainerItemProxy */ = {
			isa = PBXContainerItemProxy;
			containerPortal = 4D07DD1128AEB209006E5542 /* Project object */;
			proxyType = 1;
			remoteGlobalIDString = 4D07DD1828AEB209006E5542;
			remoteInfo = ShoppingApplication;
		};
		4D07DD3A28AEB20A006E5542 /* PBXContainerItemProxy */ = {
			isa = PBXContainerItemProxy;
			containerPortal = 4D07DD1128AEB209006E5542 /* Project object */;
			proxyType = 1;
			remoteGlobalIDString = 4D07DD1828AEB209006E5542;
			remoteInfo = ShoppingApplication;
		};
/* End PBXContainerItemProxy section */

/* Begin PBXFileReference section */
		4D07DD1928AEB209006E5542 /* ShoppingApplication.app */ = {isa = PBXFileReference; explicitFileType = wrapper.application; includeInIndex = 0; path = ShoppingApplication.app; sourceTree = BUILT_PRODUCTS_DIR; };
		4D07DD1C28AEB209006E5542 /* AppDelegate.swift */ = {isa = PBXFileReference; lastKnownFileType = sourcecode.swift; path = AppDelegate.swift; sourceTree = "<group>"; };
		4D07DD1E28AEB209006E5542 /* SceneDelegate.swift */ = {isa = PBXFileReference; lastKnownFileType = sourcecode.swift; path = SceneDelegate.swift; sourceTree = "<group>"; };
		4D07DD2028AEB209006E5542 /* SearchViewController.swift */ = {isa = PBXFileReference; lastKnownFileType = sourcecode.swift; path = SearchViewController.swift; sourceTree = "<group>"; };
		4D07DD2528AEB20A006E5542 /* Assets.xcassets */ = {isa = PBXFileReference; lastKnownFileType = folder.assetcatalog; path = Assets.xcassets; sourceTree = "<group>"; };
		4D07DD2828AEB20A006E5542 /* Base */ = {isa = PBXFileReference; lastKnownFileType = file.storyboard; name = Base; path = Base.lproj/LaunchScreen.storyboard; sourceTree = "<group>"; };
		4D07DD2A28AEB20A006E5542 /* Info.plist */ = {isa = PBXFileReference; lastKnownFileType = text.plist.xml; path = Info.plist; sourceTree = "<group>"; };
		4D07DD2F28AEB20A006E5542 /* ShoppingApplicationTests.xctest */ = {isa = PBXFileReference; explicitFileType = wrapper.cfbundle; includeInIndex = 0; path = ShoppingApplicationTests.xctest; sourceTree = BUILT_PRODUCTS_DIR; };
		4D07DD3328AEB20A006E5542 /* SearchPresenterTests.swift */ = {isa = PBXFileReference; lastKnownFileType = sourcecode.swift; path = SearchPresenterTests.swift; sourceTree = "<group>"; };
		4D07DD3928AEB20A006E5542 /* ShoppingApplicationUITests.xctest */ = {isa = PBXFileReference; explicitFileType = wrapper.cfbundle; includeInIndex = 0; path = ShoppingApplicationUITests.xctest; sourceTree = BUILT_PRODUCTS_DIR; };
		4D07DD3D28AEB20A006E5542 /* ShoppingApplicationUITests.swift */ = {isa = PBXFileReference; lastKnownFileType = sourcecode.swift; path = ShoppingApplicationUITests.swift; sourceTree = "<group>"; };
		4D07DD3F28AEB20A006E5542 /* ShoppingApplicationUITestsLaunchTests.swift */ = {isa = PBXFileReference; lastKnownFileType = sourcecode.swift; path = ShoppingApplicationUITestsLaunchTests.swift; sourceTree = "<group>"; };
		4D07DD5C28AEBF98006E5542 /* SearchResult.swift */ = {isa = PBXFileReference; fileEncoding = 4; lastKnownFileType = sourcecode.swift; path = SearchResult.swift; sourceTree = "<group>"; };
		4D07DD6828AF19D1006E5542 /* ProductTableViewCell.swift */ = {isa = PBXFileReference; lastKnownFileType = sourcecode.swift; path = ProductTableViewCell.swift; sourceTree = "<group>"; };
		4D07DD6A28AF19E5006E5542 /* ProductTableViewCell.xib */ = {isa = PBXFileReference; lastKnownFileType = file.xib; path = ProductTableViewCell.xib; sourceTree = "<group>"; };
		4D07DD6C28AF1CE7006E5542 /* SearchPresenter.swift */ = {isa = PBXFileReference; lastKnownFileType = sourcecode.swift; path = SearchPresenter.swift; sourceTree = "<group>"; };
		4D07DD6E28AF1D2C006E5542 /* SearchService.swift */ = {isa = PBXFileReference; lastKnownFileType = sourcecode.swift; path = SearchService.swift; sourceTree = "<group>"; };
		4D07DD7028AFE072006E5542 /* SearchRequest.swift */ = {isa = PBXFileReference; lastKnownFileType = sourcecode.swift; path = SearchRequest.swift; sourceTree = "<group>"; };
		4D07DD7228AFE721006E5542 /* SearchViewController.xib */ = {isa = PBXFileReference; lastKnownFileType = file.xib; path = SearchViewController.xib; sourceTree = "<group>"; };
		4D0A1B6128B164C00011BCDB /* SearchViewControllerTests.swift */ = {isa = PBXFileReference; lastKnownFileType = sourcecode.swift; path = SearchViewControllerTests.swift; sourceTree = "<group>"; };
		4D0A1B6328B164FE0011BCDB /* SearchPresenterMock.swift */ = {isa = PBXFileReference; lastKnownFileType = sourcecode.swift; path = SearchPresenterMock.swift; sourceTree = "<group>"; };
		4D0A1B6628B172140011BCDB /* SearchResultUIModel.swift */ = {isa = PBXFileReference; lastKnownFileType = sourcecode.swift; path = SearchResultUIModel.swift; sourceTree = "<group>"; };
		4D0A1B6828B192310011BCDB /* LoadingView.swift */ = {isa = PBXFileReference; lastKnownFileType = sourcecode.swift; path = LoadingView.swift; sourceTree = "<group>"; };
		4D0B7E2628B25CB000DA54C2 /* SearchViewController+Views.swift */ = {isa = PBXFileReference; lastKnownFileType = sourcecode.swift; path = "SearchViewController+Views.swift"; sourceTree = "<group>"; };
		4D0B7E2A28B2874C00DA54C2 /* Localizable.strings */ = {isa = PBXFileReference; fileEncoding = 4; lastKnownFileType = text.plist.strings; path = Localizable.strings; sourceTree = "<group>"; };
		4D0B7E2C28B297F300DA54C2 /* Localization.swift */ = {isa = PBXFileReference; lastKnownFileType = sourcecode.swift; path = Localization.swift; sourceTree = "<group>"; };
		4D125B2828B0C6C100102378 /* wrong_response.json */ = {isa = PBXFileReference; fileEncoding = 4; lastKnownFileType = text.json; path = wrong_response.json; sourceTree = "<group>"; };
		4D31AF4728B0775C00DC9EC0 /* SearchServiceMock.swift */ = {isa = PBXFileReference; lastKnownFileType = sourcecode.swift; path = SearchServiceMock.swift; sourceTree = "<group>"; };
		4D31AF4928B088A400DC9EC0 /* success_response.json */ = {isa = PBXFileReference; fileEncoding = 4; lastKnownFileType = text.json; path = success_response.json; sourceTree = "<group>"; };
		4D31AF4D28B08FDA00DC9EC0 /* SearchResponseMock.swift */ = {isa = PBXFileReference; lastKnownFileType = sourcecode.swift; path = SearchResponseMock.swift; sourceTree = "<group>"; };
		4D39C00228B018F30023B14E /* MockSearchService.swift */ = {isa = PBXFileReference; fileEncoding = 4; lastKnownFileType = sourcecode.swift; path = MockSearchService.swift; sourceTree = "<group>"; };
/* End PBXFileReference section */

/* Begin PBXFrameworksBuildPhase section */
		4D07DD1628AEB209006E5542 /* Frameworks */ = {
			isa = PBXFrameworksBuildPhase;
			buildActionMask = 2147483647;
			files = (
				4D125B3528B0CE1900102378 /* Networking in Frameworks */,
				4D07DD7628AFECA5006E5542 /* Kingfisher in Frameworks */,
			);
			runOnlyForDeploymentPostprocessing = 0;
		};
		4D07DD2C28AEB20A006E5542 /* Frameworks */ = {
			isa = PBXFrameworksBuildPhase;
			buildActionMask = 2147483647;
			files = (
			);
			runOnlyForDeploymentPostprocessing = 0;
		};
		4D07DD3628AEB20A006E5542 /* Frameworks */ = {
			isa = PBXFrameworksBuildPhase;
			buildActionMask = 2147483647;
			files = (
			);
			runOnlyForDeploymentPostprocessing = 0;
		};
/* End PBXFrameworksBuildPhase section */

/* Begin PBXGroup section */
		4D07DD1028AEB208006E5542 = {
			isa = PBXGroup;
			children = (
				4D07DD1B28AEB209006E5542 /* ShoppingApplication */,
				4D07DD3228AEB20A006E5542 /* ShoppingApplicationTests */,
				4D07DD3C28AEB20A006E5542 /* ShoppingApplicationUITests */,
				4D07DD1A28AEB209006E5542 /* Products */,
			);
			sourceTree = "<group>";
		};
		4D07DD1A28AEB209006E5542 /* Products */ = {
			isa = PBXGroup;
			children = (
				4D07DD1928AEB209006E5542 /* ShoppingApplication.app */,
				4D07DD2F28AEB20A006E5542 /* ShoppingApplicationTests.xctest */,
				4D07DD3928AEB20A006E5542 /* ShoppingApplicationUITests.xctest */,
			);
			name = Products;
			sourceTree = "<group>";
		};
		4D07DD1B28AEB209006E5542 /* ShoppingApplication */ = {
			isa = PBXGroup;
			children = (
				4D07DD6228AF03D4006E5542 /* Networking */,
				4D39BFFD28B00A850023B14E /* View Controller */,
				4D39BFFE28B00A8F0023B14E /* Preseneter */,
				4D39BFFF28B00AA70023B14E /* Service */,
				4D07DD6728AF19AC006E5542 /* Custom Views */,
				4D39C00028B00AF40023B14E /* Model */,
				4D39C00128B00BF20023B14E /* Localization */,
				4D07DD1C28AEB209006E5542 /* AppDelegate.swift */,
				4D07DD1E28AEB209006E5542 /* SceneDelegate.swift */,
				4D07DD2528AEB20A006E5542 /* Assets.xcassets */,
				4D07DD2728AEB20A006E5542 /* LaunchScreen.storyboard */,
				4D07DD2A28AEB20A006E5542 /* Info.plist */,
			);
			path = ShoppingApplication;
			sourceTree = "<group>";
		};
		4D07DD3228AEB20A006E5542 /* ShoppingApplicationTests */ = {
			isa = PBXGroup;
			children = (
				4D0B7E2528B253D000DA54C2 /* Mocks */,
				4D0A1B6528B165BC0011BCDB /* Tests */,
				4D125B2828B0C6C100102378 /* wrong_response.json */,
				4D31AF4928B088A400DC9EC0 /* success_response.json */,
			);
			path = ShoppingApplicationTests;
			sourceTree = "<group>";
		};
		4D07DD3C28AEB20A006E5542 /* ShoppingApplicationUITests */ = {
			isa = PBXGroup;
			children = (
				4D07DD3D28AEB20A006E5542 /* ShoppingApplicationUITests.swift */,
				4D07DD3F28AEB20A006E5542 /* ShoppingApplicationUITestsLaunchTests.swift */,
			);
			path = ShoppingApplicationUITests;
			sourceTree = "<group>";
		};
		4D07DD6228AF03D4006E5542 /* Networking */ = {
			isa = PBXGroup;
			children = (
				4D07DD7028AFE072006E5542 /* SearchRequest.swift */,
			);
			path = Networking;
			sourceTree = "<group>";
		};
		4D07DD6728AF19AC006E5542 /* Custom Views */ = {
			isa = PBXGroup;
			children = (
				4D0A1B6828B192310011BCDB /* LoadingView.swift */,
				4D07DD6828AF19D1006E5542 /* ProductTableViewCell.swift */,
				4D07DD6A28AF19E5006E5542 /* ProductTableViewCell.xib */,
				4D0A1B6628B172140011BCDB /* SearchResultUIModel.swift */,
			);
			path = "Custom Views";
			sourceTree = "<group>";
		};
		4D0A1B6528B165BC0011BCDB /* Tests */ = {
			isa = PBXGroup;
			children = (
				4D07DD3328AEB20A006E5542 /* SearchPresenterTests.swift */,
				4D0A1B6128B164C00011BCDB /* SearchViewControllerTests.swift */,
			);
			path = Tests;
			sourceTree = "<group>";
		};
		4D0B7E2528B253D000DA54C2 /* Mocks */ = {
			isa = PBXGroup;
			children = (
				4D39C00228B018F30023B14E /* MockSearchService.swift */,
				4D31AF4728B0775C00DC9EC0 /* SearchServiceMock.swift */,
				4D0A1B6328B164FE0011BCDB /* SearchPresenterMock.swift */,
				4D31AF4D28B08FDA00DC9EC0 /* SearchResponseMock.swift */,
			);
			path = Mocks;
			sourceTree = "<group>";
		};
		4D39BFFD28B00A850023B14E /* View Controller */ = {
			isa = PBXGroup;
			children = (
				4D07DD7228AFE721006E5542 /* SearchViewController.xib */,
				4D07DD2028AEB209006E5542 /* SearchViewController.swift */,
				4D0B7E2628B25CB000DA54C2 /* SearchViewController+Views.swift */,
			);
			path = "View Controller";
			sourceTree = "<group>";
		};
		4D39BFFE28B00A8F0023B14E /* Preseneter */ = {
			isa = PBXGroup;
			children = (
				4D07DD6C28AF1CE7006E5542 /* SearchPresenter.swift */,
			);
			path = Preseneter;
			sourceTree = "<group>";
		};
		4D39BFFF28B00AA70023B14E /* Service */ = {
			isa = PBXGroup;
			children = (
				4D07DD6E28AF1D2C006E5542 /* SearchService.swift */,
			);
			path = Service;
			sourceTree = "<group>";
		};
		4D39C00028B00AF40023B14E /* Model */ = {
			isa = PBXGroup;
			children = (
				4D07DD5C28AEBF98006E5542 /* SearchResult.swift */,
			);
			path = Model;
			sourceTree = "<group>";
		};
		4D39C00128B00BF20023B14E /* Localization */ = {
			isa = PBXGroup;
			children = (
				4D0B7E2A28B2874C00DA54C2 /* Localizable.strings */,
				4D0B7E2C28B297F300DA54C2 /* Localization.swift */,
			);
			path = Localization;
			sourceTree = "<group>";
		};
/* End PBXGroup section */

/* Begin PBXNativeTarget section */
		4D07DD1828AEB209006E5542 /* ShoppingApplication */ = {
			isa = PBXNativeTarget;
			buildConfigurationList = 4D07DD4328AEB20A006E5542 /* Build configuration list for PBXNativeTarget "ShoppingApplication" */;
			buildPhases = (
				4D07DD1528AEB209006E5542 /* Sources */,
				4D07DD1628AEB209006E5542 /* Frameworks */,
				4D07DD1728AEB209006E5542 /* Resources */,
			);
			buildRules = (
			);
			dependencies = (
			);
			name = ShoppingApplication;
			packageProductDependencies = (
				4D07DD7528AFECA5006E5542 /* Kingfisher */,
				4D125B3428B0CE1900102378 /* Networking */,
			);
			productName = ShoppingApplication;
			productReference = 4D07DD1928AEB209006E5542 /* ShoppingApplication.app */;
			productType = "com.apple.product-type.application";
		};
		4D07DD2E28AEB20A006E5542 /* ShoppingApplicationTests */ = {
			isa = PBXNativeTarget;
			buildConfigurationList = 4D07DD4628AEB20A006E5542 /* Build configuration list for PBXNativeTarget "ShoppingApplicationTests" */;
			buildPhases = (
				4D07DD2B28AEB20A006E5542 /* Sources */,
				4D07DD2C28AEB20A006E5542 /* Frameworks */,
				4D07DD2D28AEB20A006E5542 /* Resources */,
			);
			buildRules = (
			);
			dependencies = (
				4D07DD3128AEB20A006E5542 /* PBXTargetDependency */,
			);
			name = ShoppingApplicationTests;
			productName = ShoppingApplicationTests;
			productReference = 4D07DD2F28AEB20A006E5542 /* ShoppingApplicationTests.xctest */;
			productType = "com.apple.product-type.bundle.unit-test";
		};
		4D07DD3828AEB20A006E5542 /* ShoppingApplicationUITests */ = {
			isa = PBXNativeTarget;
			buildConfigurationList = 4D07DD4928AEB20A006E5542 /* Build configuration list for PBXNativeTarget "ShoppingApplicationUITests" */;
			buildPhases = (
				4D07DD3528AEB20A006E5542 /* Sources */,
				4D07DD3628AEB20A006E5542 /* Frameworks */,
				4D07DD3728AEB20A006E5542 /* Resources */,
			);
			buildRules = (
			);
			dependencies = (
				4D07DD3B28AEB20A006E5542 /* PBXTargetDependency */,
			);
			name = ShoppingApplicationUITests;
			productName = ShoppingApplicationUITests;
			productReference = 4D07DD3928AEB20A006E5542 /* ShoppingApplicationUITests.xctest */;
			productType = "com.apple.product-type.bundle.ui-testing";
		};
/* End PBXNativeTarget section */

/* Begin PBXProject section */
		4D07DD1128AEB209006E5542 /* Project object */ = {
			isa = PBXProject;
			attributes = {
				BuildIndependentTargetsInParallel = 1;
				LastSwiftUpdateCheck = 1340;
				LastUpgradeCheck = 1340;
				TargetAttributes = {
					4D07DD1828AEB209006E5542 = {
						CreatedOnToolsVersion = 13.4.1;
					};
					4D07DD2E28AEB20A006E5542 = {
						CreatedOnToolsVersion = 13.4.1;
						TestTargetID = 4D07DD1828AEB209006E5542;
					};
					4D07DD3828AEB20A006E5542 = {
						CreatedOnToolsVersion = 13.4.1;
						TestTargetID = 4D07DD1828AEB209006E5542;
					};
				};
			};
			buildConfigurationList = 4D07DD1428AEB209006E5542 /* Build configuration list for PBXProject "ShoppingApplication" */;
			compatibilityVersion = "Xcode 13.0";
			developmentRegion = en;
			hasScannedForEncodings = 0;
			knownRegions = (
				en,
				Base,
			);
			mainGroup = 4D07DD1028AEB208006E5542;
			packageReferences = (
				4D07DD7428AFECA5006E5542 /* XCRemoteSwiftPackageReference "Kingfisher" */,
				4D125B3328B0CE1900102378 /* XCRemoteSwiftPackageReference "NetworkLayer" */,
			);
			productRefGroup = 4D07DD1A28AEB209006E5542 /* Products */;
			projectDirPath = "";
			projectRoot = "";
			targets = (
				4D07DD1828AEB209006E5542 /* ShoppingApplication */,
				4D07DD2E28AEB20A006E5542 /* ShoppingApplicationTests */,
				4D07DD3828AEB20A006E5542 /* ShoppingApplicationUITests */,
			);
		};
/* End PBXProject section */

/* Begin PBXResourcesBuildPhase section */
		4D07DD1728AEB209006E5542 /* Resources */ = {
			isa = PBXResourcesBuildPhase;
			buildActionMask = 2147483647;
			files = (
				4D0B7E2B28B2874C00DA54C2 /* Localizable.strings in Resources */,
				4D07DD2928AEB20A006E5542 /* LaunchScreen.storyboard in Resources */,
				4D07DD6B28AF19E5006E5542 /* ProductTableViewCell.xib in Resources */,
				4D07DD7328AFE721006E5542 /* SearchViewController.xib in Resources */,
				4D07DD2628AEB20A006E5542 /* Assets.xcassets in Resources */,
			);
			runOnlyForDeploymentPostprocessing = 0;
		};
		4D07DD2D28AEB20A006E5542 /* Resources */ = {
			isa = PBXResourcesBuildPhase;
			buildActionMask = 2147483647;
			files = (
				4D125B2928B0C6C100102378 /* wrong_response.json in Resources */,
				4D31AF4A28B088A400DC9EC0 /* success_response.json in Resources */,
			);
			runOnlyForDeploymentPostprocessing = 0;
		};
		4D07DD3728AEB20A006E5542 /* Resources */ = {
			isa = PBXResourcesBuildPhase;
			buildActionMask = 2147483647;
			files = (
			);
			runOnlyForDeploymentPostprocessing = 0;
		};
/* End PBXResourcesBuildPhase section */

/* Begin PBXSourcesBuildPhase section */
		4D07DD1528AEB209006E5542 /* Sources */ = {
			isa = PBXSourcesBuildPhase;
			buildActionMask = 2147483647;
			files = (
				4D07DD2128AEB209006E5542 /* SearchViewController.swift in Sources */,
				4D07DD6928AF19D1006E5542 /* ProductTableViewCell.swift in Sources */,
				4D07DD1D28AEB209006E5542 /* AppDelegate.swift in Sources */,
				4D0A1B6928B192310011BCDB /* LoadingView.swift in Sources */,
				4D0A1B6728B172140011BCDB /* SearchResultUIModel.swift in Sources */,
				4D0B7E2728B25CB000DA54C2 /* SearchViewController+Views.swift in Sources */,
				4D07DD7128AFE072006E5542 /* SearchRequest.swift in Sources */,
				4D0B7E2D28B297F300DA54C2 /* Localization.swift in Sources */,
				4D07DD1F28AEB209006E5542 /* SceneDelegate.swift in Sources */,
				4D07DD6128AEBF98006E5542 /* SearchResult.swift in Sources */,
				4D07DD6F28AF1D2C006E5542 /* SearchService.swift in Sources */,
				4D07DD6D28AF1CE7006E5542 /* SearchPresenter.swift in Sources */,
			);
			runOnlyForDeploymentPostprocessing = 0;
		};
		4D07DD2B28AEB20A006E5542 /* Sources */ = {
			isa = PBXSourcesBuildPhase;
			buildActionMask = 2147483647;
			files = (
				4D07DD3428AEB20A006E5542 /* SearchPresenterTests.swift in Sources */,
				4D0A1B6228B164C00011BCDB /* SearchViewControllerTests.swift in Sources */,
				4D39C00328B018F30023B14E /* MockSearchService.swift in Sources */,
				4D0A1B6428B164FE0011BCDB /* SearchPresenterMock.swift in Sources */,
				4D31AF4E28B08FDA00DC9EC0 /* SearchResponseMock.swift in Sources */,
				4D31AF4828B0775C00DC9EC0 /* SearchServiceMock.swift in Sources */,
			);
			runOnlyForDeploymentPostprocessing = 0;
		};
		4D07DD3528AEB20A006E5542 /* Sources */ = {
			isa = PBXSourcesBuildPhase;
			buildActionMask = 2147483647;
			files = (
				4D07DD3E28AEB20A006E5542 /* ShoppingApplicationUITests.swift in Sources */,
				4D31AF4B28B08CD400DC9EC0 /* SearchResult.swift in Sources */,
				4D07DD4028AEB20A006E5542 /* ShoppingApplicationUITestsLaunchTests.swift in Sources */,
			);
			runOnlyForDeploymentPostprocessing = 0;
		};
/* End PBXSourcesBuildPhase section */

/* Begin PBXTargetDependency section */
		4D07DD3128AEB20A006E5542 /* PBXTargetDependency */ = {
			isa = PBXTargetDependency;
			target = 4D07DD1828AEB209006E5542 /* ShoppingApplication */;
			targetProxy = 4D07DD3028AEB20A006E5542 /* PBXContainerItemProxy */;
		};
		4D07DD3B28AEB20A006E5542 /* PBXTargetDependency */ = {
			isa = PBXTargetDependency;
			target = 4D07DD1828AEB209006E5542 /* ShoppingApplication */;
			targetProxy = 4D07DD3A28AEB20A006E5542 /* PBXContainerItemProxy */;
		};
/* End PBXTargetDependency section */

/* Begin PBXVariantGroup section */
		4D07DD2728AEB20A006E5542 /* LaunchScreen.storyboard */ = {
			isa = PBXVariantGroup;
			children = (
				4D07DD2828AEB20A006E5542 /* Base */,
			);
			name = LaunchScreen.storyboard;
			sourceTree = "<group>";
		};
/* End PBXVariantGroup section */

/* Begin XCBuildConfiguration section */
		4D07DD4128AEB20A006E5542 /* Debug */ = {
			isa = XCBuildConfiguration;
			buildSettings = {
				ALWAYS_SEARCH_USER_PATHS = NO;
				CLANG_ANALYZER_NONNULL = YES;
				CLANG_ANALYZER_NUMBER_OBJECT_CONVERSION = YES_AGGRESSIVE;
				CLANG_CXX_LANGUAGE_STANDARD = "gnu++17";
				CLANG_ENABLE_MODULES = YES;
				CLANG_ENABLE_OBJC_ARC = YES;
				CLANG_ENABLE_OBJC_WEAK = YES;
				CLANG_WARN_BLOCK_CAPTURE_AUTORELEASING = YES;
				CLANG_WARN_BOOL_CONVERSION = YES;
				CLANG_WARN_COMMA = YES;
				CLANG_WARN_CONSTANT_CONVERSION = YES;
				CLANG_WARN_DEPRECATED_OBJC_IMPLEMENTATIONS = YES;
				CLANG_WARN_DIRECT_OBJC_ISA_USAGE = YES_ERROR;
				CLANG_WARN_DOCUMENTATION_COMMENTS = YES;
				CLANG_WARN_EMPTY_BODY = YES;
				CLANG_WARN_ENUM_CONVERSION = YES;
				CLANG_WARN_INFINITE_RECURSION = YES;
				CLANG_WARN_INT_CONVERSION = YES;
				CLANG_WARN_NON_LITERAL_NULL_CONVERSION = YES;
				CLANG_WARN_OBJC_IMPLICIT_RETAIN_SELF = YES;
				CLANG_WARN_OBJC_LITERAL_CONVERSION = YES;
				CLANG_WARN_OBJC_ROOT_CLASS = YES_ERROR;
				CLANG_WARN_QUOTED_INCLUDE_IN_FRAMEWORK_HEADER = YES;
				CLANG_WARN_RANGE_LOOP_ANALYSIS = YES;
				CLANG_WARN_STRICT_PROTOTYPES = YES;
				CLANG_WARN_SUSPICIOUS_MOVE = YES;
				CLANG_WARN_UNGUARDED_AVAILABILITY = YES_AGGRESSIVE;
				CLANG_WARN_UNREACHABLE_CODE = YES;
				CLANG_WARN__DUPLICATE_METHOD_MATCH = YES;
				COPY_PHASE_STRIP = NO;
				DEBUG_INFORMATION_FORMAT = dwarf;
				ENABLE_STRICT_OBJC_MSGSEND = YES;
				ENABLE_TESTABILITY = YES;
				GCC_C_LANGUAGE_STANDARD = gnu11;
				GCC_DYNAMIC_NO_PIC = NO;
				GCC_NO_COMMON_BLOCKS = YES;
				GCC_OPTIMIZATION_LEVEL = 0;
				GCC_PREPROCESSOR_DEFINITIONS = (
					"DEBUG=1",
					"$(inherited)",
				);
				GCC_WARN_64_TO_32_BIT_CONVERSION = YES;
				GCC_WARN_ABOUT_RETURN_TYPE = YES_ERROR;
				GCC_WARN_UNDECLARED_SELECTOR = YES;
				GCC_WARN_UNINITIALIZED_AUTOS = YES_AGGRESSIVE;
				GCC_WARN_UNUSED_FUNCTION = YES;
				GCC_WARN_UNUSED_VARIABLE = YES;
				IPHONEOS_DEPLOYMENT_TARGET = 15.5;
				MTL_ENABLE_DEBUG_INFO = INCLUDE_SOURCE;
				MTL_FAST_MATH = YES;
				ONLY_ACTIVE_ARCH = YES;
				SDKROOT = iphoneos;
				SWIFT_ACTIVE_COMPILATION_CONDITIONS = DEBUG;
				SWIFT_OPTIMIZATION_LEVEL = "-Onone";
			};
			name = Debug;
		};
		4D07DD4228AEB20A006E5542 /* Release */ = {
			isa = XCBuildConfiguration;
			buildSettings = {
				ALWAYS_SEARCH_USER_PATHS = NO;
				CLANG_ANALYZER_NONNULL = YES;
				CLANG_ANALYZER_NUMBER_OBJECT_CONVERSION = YES_AGGRESSIVE;
				CLANG_CXX_LANGUAGE_STANDARD = "gnu++17";
				CLANG_ENABLE_MODULES = YES;
				CLANG_ENABLE_OBJC_ARC = YES;
				CLANG_ENABLE_OBJC_WEAK = YES;
				CLANG_WARN_BLOCK_CAPTURE_AUTORELEASING = YES;
				CLANG_WARN_BOOL_CONVERSION = YES;
				CLANG_WARN_COMMA = YES;
				CLANG_WARN_CONSTANT_CONVERSION = YES;
				CLANG_WARN_DEPRECATED_OBJC_IMPLEMENTATIONS = YES;
				CLANG_WARN_DIRECT_OBJC_ISA_USAGE = YES_ERROR;
				CLANG_WARN_DOCUMENTATION_COMMENTS = YES;
				CLANG_WARN_EMPTY_BODY = YES;
				CLANG_WARN_ENUM_CONVERSION = YES;
				CLANG_WARN_INFINITE_RECURSION = YES;
				CLANG_WARN_INT_CONVERSION = YES;
				CLANG_WARN_NON_LITERAL_NULL_CONVERSION = YES;
				CLANG_WARN_OBJC_IMPLICIT_RETAIN_SELF = YES;
				CLANG_WARN_OBJC_LITERAL_CONVERSION = YES;
				CLANG_WARN_OBJC_ROOT_CLASS = YES_ERROR;
				CLANG_WARN_QUOTED_INCLUDE_IN_FRAMEWORK_HEADER = YES;
				CLANG_WARN_RANGE_LOOP_ANALYSIS = YES;
				CLANG_WARN_STRICT_PROTOTYPES = YES;
				CLANG_WARN_SUSPICIOUS_MOVE = YES;
				CLANG_WARN_UNGUARDED_AVAILABILITY = YES_AGGRESSIVE;
				CLANG_WARN_UNREACHABLE_CODE = YES;
				CLANG_WARN__DUPLICATE_METHOD_MATCH = YES;
				COPY_PHASE_STRIP = NO;
				DEBUG_INFORMATION_FORMAT = "dwarf-with-dsym";
				ENABLE_NS_ASSERTIONS = NO;
				ENABLE_STRICT_OBJC_MSGSEND = YES;
				GCC_C_LANGUAGE_STANDARD = gnu11;
				GCC_NO_COMMON_BLOCKS = YES;
				GCC_WARN_64_TO_32_BIT_CONVERSION = YES;
				GCC_WARN_ABOUT_RETURN_TYPE = YES_ERROR;
				GCC_WARN_UNDECLARED_SELECTOR = YES;
				GCC_WARN_UNINITIALIZED_AUTOS = YES_AGGRESSIVE;
				GCC_WARN_UNUSED_FUNCTION = YES;
				GCC_WARN_UNUSED_VARIABLE = YES;
				IPHONEOS_DEPLOYMENT_TARGET = 15.5;
				MTL_ENABLE_DEBUG_INFO = NO;
				MTL_FAST_MATH = YES;
				SDKROOT = iphoneos;
				SWIFT_COMPILATION_MODE = wholemodule;
				SWIFT_OPTIMIZATION_LEVEL = "-O";
				VALIDATE_PRODUCT = YES;
			};
			name = Release;
		};
		4D07DD4428AEB20A006E5542 /* Debug */ = {
			isa = XCBuildConfiguration;
			buildSettings = {
				ASSETCATALOG_COMPILER_APPICON_NAME = AppIcon;
				ASSETCATALOG_COMPILER_GLOBAL_ACCENT_COLOR_NAME = AccentColor;
				CODE_SIGN_STYLE = Automatic;
				CURRENT_PROJECT_VERSION = 1;
				GENERATE_INFOPLIST_FILE = YES;
				INFOPLIST_FILE = ShoppingApplication/Info.plist;
				INFOPLIST_KEY_UIApplicationSupportsIndirectInputEvents = YES;
				INFOPLIST_KEY_UILaunchStoryboardName = LaunchScreen;
				INFOPLIST_KEY_UIMainStoryboardFile = LaunchScreen;
				INFOPLIST_KEY_UISupportedInterfaceOrientations_iPad = "UIInterfaceOrientationPortrait UIInterfaceOrientationPortraitUpsideDown UIInterfaceOrientationLandscapeLeft UIInterfaceOrientationLandscapeRight";
				INFOPLIST_KEY_UISupportedInterfaceOrientations_iPhone = "UIInterfaceOrientationPortrait UIInterfaceOrientationLandscapeLeft UIInterfaceOrientationLandscapeRight";
				LD_RUNPATH_SEARCH_PATHS = (
					"$(inherited)",
					"@executable_path/Frameworks",
				);
				MARKETING_VERSION = 1.0;
				PRODUCT_BUNDLE_IDENTIFIER = ios.ShoppingApplication;
				PRODUCT_NAME = "$(TARGET_NAME)";
				SWIFT_EMIT_LOC_STRINGS = YES;
				SWIFT_VERSION = 5.0;
				TARGETED_DEVICE_FAMILY = "1,2";
			};
			name = Debug;
		};
		4D07DD4528AEB20A006E5542 /* Release */ = {
			isa = XCBuildConfiguration;
			buildSettings = {
				ASSETCATALOG_COMPILER_APPICON_NAME = AppIcon;
				ASSETCATALOG_COMPILER_GLOBAL_ACCENT_COLOR_NAME = AccentColor;
				CODE_SIGN_STYLE = Automatic;
				CURRENT_PROJECT_VERSION = 1;
				GENERATE_INFOPLIST_FILE = YES;
				INFOPLIST_FILE = ShoppingApplication/Info.plist;
				INFOPLIST_KEY_UIApplicationSupportsIndirectInputEvents = YES;
				INFOPLIST_KEY_UILaunchStoryboardName = LaunchScreen;
				INFOPLIST_KEY_UIMainStoryboardFile = LaunchScreen;
				INFOPLIST_KEY_UISupportedInterfaceOrientations_iPad = "UIInterfaceOrientationPortrait UIInterfaceOrientationPortraitUpsideDown UIInterfaceOrientationLandscapeLeft UIInterfaceOrientationLandscapeRight";
				INFOPLIST_KEY_UISupportedInterfaceOrientations_iPhone = "UIInterfaceOrientationPortrait UIInterfaceOrientationLandscapeLeft UIInterfaceOrientationLandscapeRight";
				LD_RUNPATH_SEARCH_PATHS = (
					"$(inherited)",
					"@executable_path/Frameworks",
				);
				MARKETING_VERSION = 1.0;
				PRODUCT_BUNDLE_IDENTIFIER = ios.ShoppingApplication;
				PRODUCT_NAME = "$(TARGET_NAME)";
				SWIFT_EMIT_LOC_STRINGS = YES;
				SWIFT_VERSION = 5.0;
				TARGETED_DEVICE_FAMILY = "1,2";
			};
			name = Release;
		};
		4D07DD4728AEB20A006E5542 /* Debug */ = {
			isa = XCBuildConfiguration;
			buildSettings = {
				ALWAYS_EMBED_SWIFT_STANDARD_LIBRARIES = YES;
				BUNDLE_LOADER = "$(TEST_HOST)";
				CODE_SIGN_STYLE = Automatic;
				CURRENT_PROJECT_VERSION = 1;
				GENERATE_INFOPLIST_FILE = YES;
				IPHONEOS_DEPLOYMENT_TARGET = 15.5;
				MARKETING_VERSION = 1.0;
				PRODUCT_BUNDLE_IDENTIFIER = ios.ShoppingApplicationTests;
				PRODUCT_NAME = "$(TARGET_NAME)";
				SWIFT_EMIT_LOC_STRINGS = NO;
				SWIFT_VERSION = 5.0;
				TARGETED_DEVICE_FAMILY = "1,2";
				TEST_HOST = "$(BUILT_PRODUCTS_DIR)/ShoppingApplication.app/ShoppingApplication";
			};
			name = Debug;
		};
		4D07DD4828AEB20A006E5542 /* Release */ = {
			isa = XCBuildConfiguration;
			buildSettings = {
				ALWAYS_EMBED_SWIFT_STANDARD_LIBRARIES = YES;
				BUNDLE_LOADER = "$(TEST_HOST)";
				CODE_SIGN_STYLE = Automatic;
				CURRENT_PROJECT_VERSION = 1;
				GENERATE_INFOPLIST_FILE = YES;
				IPHONEOS_DEPLOYMENT_TARGET = 15.5;
				MARKETING_VERSION = 1.0;
				PRODUCT_BUNDLE_IDENTIFIER = ios.ShoppingApplicationTests;
				PRODUCT_NAME = "$(TARGET_NAME)";
				SWIFT_EMIT_LOC_STRINGS = NO;
				SWIFT_VERSION = 5.0;
				TARGETED_DEVICE_FAMILY = "1,2";
				TEST_HOST = "$(BUILT_PRODUCTS_DIR)/ShoppingApplication.app/ShoppingApplication";
			};
			name = Release;
		};
		4D07DD4A28AEB20A006E5542 /* Debug */ = {
			isa = XCBuildConfiguration;
			buildSettings = {
				ALWAYS_EMBED_SWIFT_STANDARD_LIBRARIES = YES;
				CODE_SIGN_STYLE = Automatic;
				CURRENT_PROJECT_VERSION = 1;
				GENERATE_INFOPLIST_FILE = YES;
				MARKETING_VERSION = 1.0;
				PRODUCT_BUNDLE_IDENTIFIER = ios.ShoppingApplicationUITests;
				PRODUCT_NAME = "$(TARGET_NAME)";
				SWIFT_EMIT_LOC_STRINGS = NO;
				SWIFT_VERSION = 5.0;
				TARGETED_DEVICE_FAMILY = "1,2";
				TEST_TARGET_NAME = ShoppingApplication;
			};
			name = Debug;
		};
		4D07DD4B28AEB20A006E5542 /* Release */ = {
			isa = XCBuildConfiguration;
			buildSettings = {
				ALWAYS_EMBED_SWIFT_STANDARD_LIBRARIES = YES;
				CODE_SIGN_STYLE = Automatic;
				CURRENT_PROJECT_VERSION = 1;
				GENERATE_INFOPLIST_FILE = YES;
				MARKETING_VERSION = 1.0;
				PRODUCT_BUNDLE_IDENTIFIER = ios.ShoppingApplicationUITests;
				PRODUCT_NAME = "$(TARGET_NAME)";
				SWIFT_EMIT_LOC_STRINGS = NO;
				SWIFT_VERSION = 5.0;
				TARGETED_DEVICE_FAMILY = "1,2";
				TEST_TARGET_NAME = ShoppingApplication;
			};
			name = Release;
		};
/* End XCBuildConfiguration section */

/* Begin XCConfigurationList section */
		4D07DD1428AEB209006E5542 /* Build configuration list for PBXProject "ShoppingApplication" */ = {
			isa = XCConfigurationList;
			buildConfigurations = (
				4D07DD4128AEB20A006E5542 /* Debug */,
				4D07DD4228AEB20A006E5542 /* Release */,
			);
			defaultConfigurationIsVisible = 0;
			defaultConfigurationName = Release;
		};
		4D07DD4328AEB20A006E5542 /* Build configuration list for PBXNativeTarget "ShoppingApplication" */ = {
			isa = XCConfigurationList;
			buildConfigurations = (
				4D07DD4428AEB20A006E5542 /* Debug */,
				4D07DD4528AEB20A006E5542 /* Release */,
			);
			defaultConfigurationIsVisible = 0;
			defaultConfigurationName = Release;
		};
		4D07DD4628AEB20A006E5542 /* Build configuration list for PBXNativeTarget "ShoppingApplicationTests" */ = {
			isa = XCConfigurationList;
			buildConfigurations = (
				4D07DD4728AEB20A006E5542 /* Debug */,
				4D07DD4828AEB20A006E5542 /* Release */,
			);
			defaultConfigurationIsVisible = 0;
			defaultConfigurationName = Release;
		};
		4D07DD4928AEB20A006E5542 /* Build configuration list for PBXNativeTarget "ShoppingApplicationUITests" */ = {
			isa = XCConfigurationList;
			buildConfigurations = (
				4D07DD4A28AEB20A006E5542 /* Debug */,
				4D07DD4B28AEB20A006E5542 /* Release */,
			);
			defaultConfigurationIsVisible = 0;
			defaultConfigurationName = Release;
		};
/* End XCConfigurationList section */

/* Begin XCRemoteSwiftPackageReference section */
		4D07DD7428AFECA5006E5542 /* XCRemoteSwiftPackageReference "Kingfisher" */ = {
			isa = XCRemoteSwiftPackageReference;
			repositoryURL = "https://github.com/onevcat/Kingfisher.git";
			requirement = {
				kind = upToNextMajorVersion;
				minimumVersion = 7.0.0;
			};
		};
		4D125B3328B0CE1900102378 /* XCRemoteSwiftPackageReference "NetworkLayer" */ = {
			isa = XCRemoteSwiftPackageReference;
			repositoryURL = "https://github.com/NohaMohamed/NetworkLayer.git";
			requirement = {
				branch = 0.0.3;
				kind = branch;
			};
		};
/* End XCRemoteSwiftPackageReference section */

/* Begin XCSwiftPackageProductDependency section */
		4D07DD7528AFECA5006E5542 /* Kingfisher */ = {
			isa = XCSwiftPackageProductDependency;
			package = 4D07DD7428AFECA5006E5542 /* XCRemoteSwiftPackageReference "Kingfisher" */;
			productName = Kingfisher;
		};
		4D125B3428B0CE1900102378 /* Networking */ = {
			isa = XCSwiftPackageProductDependency;
			package = 4D125B3328B0CE1900102378 /* XCRemoteSwiftPackageReference "NetworkLayer" */;
			productName = Networking;
		};
/* End XCSwiftPackageProductDependency section */
	};
	rootObject = 4D07DD1128AEB209006E5542 /* Project object */;
}
